
Microsoft Visual Studio Solution File, Format Version 12.00
# Visual Studio Version 16
VisualStudioVersion = 16.0.31402.337
MinimumVisualStudioVersion = 10.0.40219.1
Project("{FAE04EC0-301F-11D3-BF4B-00C04F79EFBC}") = "Module_9", "Module_9.csproj", "{A4895CE2-211A-4600-A23D-517FB133FE91}"
EndProject
Global
	GlobalSection(SolutionConfigurationPlatforms) = preSolution
		Debug|Any CPU = Debug|Any CPU
		Release|Any CPU = Release|Any CPU
	EndGlobalSection
	GlobalSection(ProjectConfigurationPlatforms) = postSolution
		{A4895CE2-211A-4600-A23D-517FB133FE91}.Debug|Any CPU.ActiveCfg = Debug|Any CPU
		{A4895CE2-211A-4600-A23D-517FB133FE91}.Debug|Any CPU.Build.0 = Debug|Any CPU
		{A4895CE2-211A-4600-A23D-517FB133FE91}.Release|Any CPU.ActiveCfg = Release|Any CPU
		{A4895CE2-211A-4600-A23D-517FB133FE91}.Release|Any CPU.Build.0 = Release|Any CPU
	EndGlobalSection
	GlobalSection(SolutionProperties) = preSolution
		HideSolutionNode = FALSE
	EndGlobalSection
	GlobalSection(ExtensibilityGlobals) = postSolution
		SolutionGuid = {513AB3D7-6A3A-428B-9610-CE6DAE41EED9}
	EndGlobalSection
EndGlobal
